{
  "name": "express-skeleton-generator",
  "version": "1.0.3",
  "lockfileVersion": 3,
  "requires": true,
  "packages": {
    "": {
      "name": "express-skeleton-generator",
      "version": "1.0.3",
      "license": "ISC",
      "bin": {
        "express-skeleton": "bin/express-skeleton"
      }
    }
  }
}
